
Microsoft Visual Studio Solution File, Format Version 12.00
# Visual Studio Version 17
VisualStudioVersion = 17.11.35327.3
MinimumVisualStudioVersion = 10.0.40219.1
Project("{FAE04EC0-301F-11D3-BF4B-00C04F79EFBC}") = "Tyuiu.GizatullinAP.Sprint7.Project.V14.Lib", "Tyuiu.GizatullinAP.Sprint7.Project.V14.Lib\Tyuiu.GizatullinAP.Sprint7.Project.V14.Lib.csproj", "{22C84E01-73FE-439D-806D-EDD9D4B2B4A1}"
EndProject
Project("{FAE04EC0-301F-11D3-BF4B-00C04F79EFBC}") = "Tyuiu.GizatullinAP.Sprint7.Project.V14", "Tyuiu.GizatullinAP.Sprint7.Project.V14\Tyuiu.GizatullinAP.Sprint7.Project.V14.csproj", "{827FD815-DDEF-49DE-9662-B8F570879FC1}"
EndProject
Project("{FAE04EC0-301F-11D3-BF4B-00C04F79EFBC}") = "Tyuiu.GizatullinAP.Sprint7.Project.V14.Test", "Tyuiu.GizatullinAP.Sprint7.Project.V14.Test\Tyuiu.GizatullinAP.Sprint7.Project.V14.Test.csproj", "{98DED7EC-E23D-4C71-943E-FE74A72CD86F}"
EndProject
Global
	GlobalSection(SolutionConfigurationPlatforms) = preSolution
		Debug|Any CPU = Debug|Any CPU
		Release|Any CPU = Release|Any CPU
	EndGlobalSection
	GlobalSection(ProjectConfigurationPlatforms) = postSolution
		{22C84E01-73FE-439D-806D-EDD9D4B2B4A1}.Debug|Any CPU.ActiveCfg = Debug|Any CPU
		{22C84E01-73FE-439D-806D-EDD9D4B2B4A1}.Debug|Any CPU.Build.0 = Debug|Any CPU
		{22C84E01-73FE-439D-806D-EDD9D4B2B4A1}.Release|Any CPU.ActiveCfg = Release|Any CPU
		{22C84E01-73FE-439D-806D-EDD9D4B2B4A1}.Release|Any CPU.Build.0 = Release|Any CPU
		{827FD815-DDEF-49DE-9662-B8F570879FC1}.Debug|Any CPU.ActiveCfg = Debug|Any CPU
		{827FD815-DDEF-49DE-9662-B8F570879FC1}.Debug|Any CPU.Build.0 = Debug|Any CPU
		{827FD815-DDEF-49DE-9662-B8F570879FC1}.Release|Any CPU.ActiveCfg = Release|Any CPU
		{827FD815-DDEF-49DE-9662-B8F570879FC1}.Release|Any CPU.Build.0 = Release|Any CPU
		{98DED7EC-E23D-4C71-943E-FE74A72CD86F}.Debug|Any CPU.ActiveCfg = Debug|Any CPU
		{98DED7EC-E23D-4C71-943E-FE74A72CD86F}.Debug|Any CPU.Build.0 = Debug|Any CPU
		{98DED7EC-E23D-4C71-943E-FE74A72CD86F}.Release|Any CPU.ActiveCfg = Release|Any CPU
		{98DED7EC-E23D-4C71-943E-FE74A72CD86F}.Release|Any CPU.Build.0 = Release|Any CPU
	EndGlobalSection
	GlobalSection(SolutionProperties) = preSolution
		HideSolutionNode = FALSE
	EndGlobalSection
	GlobalSection(ExtensibilityGlobals) = postSolution
		SolutionGuid = {F9548D44-87BC-472E-83B2-F99DEFB88739}
	EndGlobalSection
EndGlobal
